
Microsoft Visual Studio Solution File, Format Version 12.00
# Visual Studio Version 17
VisualStudioVersion = 17.2.32516.85
MinimumVisualStudioVersion = 10.0.40219.1
Project("{FAE04EC0-301F-11D3-BF4B-00C04F79EFBC}") = "Protected_modifier", "Protected_modifier\Protected_modifier.csproj", "{FA8CE974-4C0F-48EA-AB02-4BA65BD2342F}"
EndProject
Project("{FAE04EC0-301F-11D3-BF4B-00C04F79EFBC}") = "Lesson09Exercise01", "Lesson09Exercise01\Lesson09Exercise01.csproj", "{0AC0EF77-90DA-452C-96D2-2C724CC5B477}"
EndProject
Global
	GlobalSection(SolutionConfigurationPlatforms) = preSolution
		Debug|Any CPU = Debug|Any CPU
		Release|Any CPU = Release|Any CPU
	EndGlobalSection
	GlobalSection(ProjectConfigurationPlatforms) = postSolution
		{FA8CE974-4C0F-48EA-AB02-4BA65BD2342F}.Debug|Any CPU.ActiveCfg = Debug|Any CPU
		{FA8CE974-4C0F-48EA-AB02-4BA65BD2342F}.Debug|Any CPU.Build.0 = Debug|Any CPU
		{FA8CE974-4C0F-48EA-AB02-4BA65BD2342F}.Release|Any CPU.ActiveCfg = Release|Any CPU
		{FA8CE974-4C0F-48EA-AB02-4BA65BD2342F}.Release|Any CPU.Build.0 = Release|Any CPU
		{0AC0EF77-90DA-452C-96D2-2C724CC5B477}.Debug|Any CPU.ActiveCfg = Debug|Any CPU
		{0AC0EF77-90DA-452C-96D2-2C724CC5B477}.Debug|Any CPU.Build.0 = Debug|Any CPU
		{0AC0EF77-90DA-452C-96D2-2C724CC5B477}.Release|Any CPU.ActiveCfg = Release|Any CPU
		{0AC0EF77-90DA-452C-96D2-2C724CC5B477}.Release|Any CPU.Build.0 = Release|Any CPU
	EndGlobalSection
	GlobalSection(SolutionProperties) = preSolution
		HideSolutionNode = FALSE
	EndGlobalSection
	GlobalSection(ExtensibilityGlobals) = postSolution
		SolutionGuid = {96CFA264-FF44-4D2D-85EF-E20A2C7FEBA7}
	EndGlobalSection
EndGlobal
