
Microsoft Visual Studio Solution File, Format Version 12.00
# Visual Studio Version 17
VisualStudioVersion = 17.2.32516.85
MinimumVisualStudioVersion = 10.0.40219.1
Project("{FAE04EC0-301F-11D3-BF4B-00C04F79EFBC}") = "Method_Override", "Method_Override\Method_Override.csproj", "{C0F103FC-7D20-47F0-8E2F-42D1A356426A}"
EndProject
Global
	GlobalSection(SolutionConfigurationPlatforms) = preSolution
		Debug|Any CPU = Debug|Any CPU
		Release|Any CPU = Release|Any CPU
	EndGlobalSection
	GlobalSection(ProjectConfigurationPlatforms) = postSolution
		{C0F103FC-7D20-47F0-8E2F-42D1A356426A}.Debug|Any CPU.ActiveCfg = Debug|Any CPU
		{C0F103FC-7D20-47F0-8E2F-42D1A356426A}.Debug|Any CPU.Build.0 = Debug|Any CPU
		{C0F103FC-7D20-47F0-8E2F-42D1A356426A}.Release|Any CPU.ActiveCfg = Release|Any CPU
		{C0F103FC-7D20-47F0-8E2F-42D1A356426A}.Release|Any CPU.Build.0 = Release|Any CPU
	EndGlobalSection
	GlobalSection(SolutionProperties) = preSolution
		HideSolutionNode = FALSE
	EndGlobalSection
	GlobalSection(ExtensibilityGlobals) = postSolution
		SolutionGuid = {CBAA5C63-1575-4BED-8B74-9D1CD9652AC0}
	EndGlobalSection
EndGlobal
