
Microsoft Visual Studio Solution File, Format Version 12.00
# Visual Studio Version 17
VisualStudioVersion = 17.2.32516.85
MinimumVisualStudioVersion = 10.0.40219.1
Project("{FAE04EC0-301F-11D3-BF4B-00C04F79EFBC}") = "Method_Overloading", "Method_Overloading\Method_Overloading.csproj", "{E524EE16-9F5F-43BA-9294-C7B6F78E58F3}"
EndProject
Project("{FAE04EC0-301F-11D3-BF4B-00C04F79EFBC}") = "Lesson04Exercise01", "Lesson04Exercise01\Lesson04Exercise01.csproj", "{C42C583E-DE85-402F-83B9-040A1C915A1C}"
EndProject
Project("{FAE04EC0-301F-11D3-BF4B-00C04F79EFBC}") = "Lesson04Exercise02", "Lesson04Exercise02\Lesson04Exercise02.csproj", "{53EB9B3C-DED8-48E2-8F22-6208B1A92E56}"
EndProject
Global
	GlobalSection(SolutionConfigurationPlatforms) = preSolution
		Debug|Any CPU = Debug|Any CPU
		Release|Any CPU = Release|Any CPU
	EndGlobalSection
	GlobalSection(ProjectConfigurationPlatforms) = postSolution
		{E524EE16-9F5F-43BA-9294-C7B6F78E58F3}.Debug|Any CPU.ActiveCfg = Debug|Any CPU
		{E524EE16-9F5F-43BA-9294-C7B6F78E58F3}.Debug|Any CPU.Build.0 = Debug|Any CPU
		{E524EE16-9F5F-43BA-9294-C7B6F78E58F3}.Release|Any CPU.ActiveCfg = Release|Any CPU
		{E524EE16-9F5F-43BA-9294-C7B6F78E58F3}.Release|Any CPU.Build.0 = Release|Any CPU
		{C42C583E-DE85-402F-83B9-040A1C915A1C}.Debug|Any CPU.ActiveCfg = Debug|Any CPU
		{C42C583E-DE85-402F-83B9-040A1C915A1C}.Debug|Any CPU.Build.0 = Debug|Any CPU
		{C42C583E-DE85-402F-83B9-040A1C915A1C}.Release|Any CPU.ActiveCfg = Release|Any CPU
		{C42C583E-DE85-402F-83B9-040A1C915A1C}.Release|Any CPU.Build.0 = Release|Any CPU
		{53EB9B3C-DED8-48E2-8F22-6208B1A92E56}.Debug|Any CPU.ActiveCfg = Debug|Any CPU
		{53EB9B3C-DED8-48E2-8F22-6208B1A92E56}.Debug|Any CPU.Build.0 = Debug|Any CPU
		{53EB9B3C-DED8-48E2-8F22-6208B1A92E56}.Release|Any CPU.ActiveCfg = Release|Any CPU
		{53EB9B3C-DED8-48E2-8F22-6208B1A92E56}.Release|Any CPU.Build.0 = Release|Any CPU
	EndGlobalSection
	GlobalSection(SolutionProperties) = preSolution
		HideSolutionNode = FALSE
	EndGlobalSection
	GlobalSection(ExtensibilityGlobals) = postSolution
		SolutionGuid = {E16D331E-5E50-436D-9E72-66320EE97E05}
	EndGlobalSection
EndGlobal
