
Microsoft Visual Studio Solution File, Format Version 12.00
# Visual Studio Version 17
VisualStudioVersion = 17.2.32516.85
MinimumVisualStudioVersion = 10.0.40219.1
Project("{FAE04EC0-301F-11D3-BF4B-00C04F79EFBC}") = "typeOfVariables", "typeOfVariables\typeOfVariables.csproj", "{A5ADBFEC-EA16-4C13-8D48-3C983A75B019}"
EndProject
Global
	GlobalSection(SolutionConfigurationPlatforms) = preSolution
		Debug|Any CPU = Debug|Any CPU
		Release|Any CPU = Release|Any CPU
	EndGlobalSection
	GlobalSection(ProjectConfigurationPlatforms) = postSolution
		{A5ADBFEC-EA16-4C13-8D48-3C983A75B019}.Debug|Any CPU.ActiveCfg = Debug|Any CPU
		{A5ADBFEC-EA16-4C13-8D48-3C983A75B019}.Debug|Any CPU.Build.0 = Debug|Any CPU
		{A5ADBFEC-EA16-4C13-8D48-3C983A75B019}.Release|Any CPU.ActiveCfg = Release|Any CPU
		{A5ADBFEC-EA16-4C13-8D48-3C983A75B019}.Release|Any CPU.Build.0 = Release|Any CPU
	EndGlobalSection
	GlobalSection(SolutionProperties) = preSolution
		HideSolutionNode = FALSE
	EndGlobalSection
	GlobalSection(ExtensibilityGlobals) = postSolution
		SolutionGuid = {BB8DCDDB-3B7F-438F-80BF-937DA3C266C5}
	EndGlobalSection
EndGlobal
